// !$*UTF8*$!
{
	archiveVersion = 1;
	classes = {
	};
	objectVersion = 46;
	objects = {

/* Begin PBXBuildFile section */
		1394C15B1750FD567FDB03EB /* Pods_car_maintenanceTests.framework in Frameworks */ = {isa = PBXBuildFile; fileRef = 4DBEFFB75D0DB0B0FDE4662F /* Pods_car_maintenanceTests.framework */; };
		13FEE67B4868D0E6356A4B6E /* Pods_car_maintenanceUITests.framework in Frameworks */ = {isa = PBXBuildFile; fileRef = 41958C9C7E29B73157E64332 /* Pods_car_maintenanceUITests.framework */; };
		C908D7681FB62DAC005DBB74 /* CarViewController.swift in Sources */ = {isa = PBXBuildFile; fileRef = C908D7671FB62DAC005DBB74 /* CarViewController.swift */; };
		C908D76A1FB63183005DBB74 /* UserAlertViewController.swift in Sources */ = {isa = PBXBuildFile; fileRef = C908D7691FB63183005DBB74 /* UserAlertViewController.swift */; };
		C93FC3881F88095100E19D10 /* AppDelegate.swift in Sources */ = {isa = PBXBuildFile; fileRef = C93FC3871F88095100E19D10 /* AppDelegate.swift */; };
		C93FC38A1F88095100E19D10 /* ViewController.swift in Sources */ = {isa = PBXBuildFile; fileRef = C93FC3891F88095100E19D10 /* ViewController.swift */; };
		C93FC38D1F88095100E19D10 /* Main.storyboard in Resources */ = {isa = PBXBuildFile; fileRef = C93FC38B1F88095100E19D10 /* Main.storyboard */; };
		C93FC3921F88095100E19D10 /* LaunchScreen.storyboard in Resources */ = {isa = PBXBuildFile; fileRef = C93FC3901F88095100E19D10 /* LaunchScreen.storyboard */; };
		C93FC39D1F88095100E19D10 /* car_maintenanceTests.swift in Sources */ = {isa = PBXBuildFile; fileRef = C93FC39C1F88095100E19D10 /* car_maintenanceTests.swift */; };
		C93FC3A81F88095100E19D10 /* car_maintenanceUITests.swift in Sources */ = {isa = PBXBuildFile; fileRef = C93FC3A71F88095100E19D10 /* car_maintenanceUITests.swift */; };
		C965A7DC1FBFA37A00B07A78 /* LandingViewController.swift in Sources */ = {isa = PBXBuildFile; fileRef = C965A7DB1FBFA37A00B07A78 /* LandingViewController.swift */; };
		C965A7E21FBFADBD00B07A78 /* File.swift in Sources */ = {isa = PBXBuildFile; fileRef = C965A7E11FBFADBD00B07A78 /* File.swift */; };
		C9B09BEA1FE311DD00F0040F /* carspin.gif in Resources */ = {isa = PBXBuildFile; fileRef = C9B09BE91FE310DE00F0040F /* carspin.gif */; };
		C9B09BEB1FE311E100F0040F /* presstar3.gif in Resources */ = {isa = PBXBuildFile; fileRef = C9B09BE81FE3103D00F0040F /* presstar3.gif */; };
		C9DF22B61FDA906600F7B225 /* InfoViewController.swift in Sources */ = {isa = PBXBuildFile; fileRef = C9DF22B51FDA906600F7B225 /* InfoViewController.swift */; };
		C9E5EF1B1F9A7B540032A32C /* settings.png in Resources */ = {isa = PBXBuildFile; fileRef = C9E5EF1A1F9A7B540032A32C /* settings.png */; };
		C9E5EF231F9A812D0032A32C /* car.gif in Resources */ = {isa = PBXBuildFile; fileRef = C9E5EF221F9A812D0032A32C /* car.gif */; };
		C9E5EF271F9A823B0032A32C /* info.png in Resources */ = {isa = PBXBuildFile; fileRef = C9E5EF261F9A823B0032A32C /* info.png */; };
		E41B13D27D0B38CE9C1989FB /* Pods_car_maintenance.framework in Frameworks */ = {isa = PBXBuildFile; fileRef = 901A1B6B6DA78F184A7FE67E /* Pods_car_maintenance.framework */; };
		F9AC2B0B1F9A4A3C00F4AE46 /* Assets.xcassets in Resources */ = {isa = PBXBuildFile; fileRef = F9AC2B0A1F9A4A3C00F4AE46 /* Assets.xcassets */; };
		F9AC2B111F9A52CD00F4AE46 /* yellow-toy-car.jpg in Resources */ = {isa = PBXBuildFile; fileRef = F9AC2B101F9A52CD00F4AE46 /* yellow-toy-car.jpg */; };
/* End PBXBuildFile section */

/* Begin PBXContainerItemProxy section */
		C93FC3991F88095100E19D10 /* PBXContainerItemProxy */ = {
			isa = PBXContainerItemProxy;
			containerPortal = C93FC37C1F88095100E19D10 /* Project object */;
			proxyType = 1;
			remoteGlobalIDString = C93FC3831F88095100E19D10;
			remoteInfo = car_maintenance;
		};
		C93FC3A41F88095100E19D10 /* PBXContainerItemProxy */ = {
			isa = PBXContainerItemProxy;
			containerPortal = C93FC37C1F88095100E19D10 /* Project object */;
			proxyType = 1;
			remoteGlobalIDString = C93FC3831F88095100E19D10;
			remoteInfo = car_maintenance;
		};
/* End PBXContainerItemProxy section */

/* Begin PBXFileReference section */
		41958C9C7E29B73157E64332 /* Pods_car_maintenanceUITests.framework */ = {isa = PBXFileReference; explicitFileType = wrapper.framework; includeInIndex = 0; path = Pods_car_maintenanceUITests.framework; sourceTree = BUILT_PRODUCTS_DIR; };
		44D03819580B2B2C0BED2AE5 /* Pods-car_maintenanceUITests.release.xcconfig */ = {isa = PBXFileReference; includeInIndex = 1; lastKnownFileType = text.xcconfig; name = "Pods-car_maintenanceUITests.release.xcconfig"; path = "Pods/Target Support Files/Pods-car_maintenanceUITests/Pods-car_maintenanceUITests.release.xcconfig"; sourceTree = "<group>"; };
		4DBEFFB75D0DB0B0FDE4662F /* Pods_car_maintenanceTests.framework */ = {isa = PBXFileReference; explicitFileType = wrapper.framework; includeInIndex = 0; path = Pods_car_maintenanceTests.framework; sourceTree = BUILT_PRODUCTS_DIR; };
		60DD02D9B142417A9D9725EA /* Pods-car_maintenanceTests.release.xcconfig */ = {isa = PBXFileReference; includeInIndex = 1; lastKnownFileType = text.xcconfig; name = "Pods-car_maintenanceTests.release.xcconfig"; path = "Pods/Target Support Files/Pods-car_maintenanceTests/Pods-car_maintenanceTests.release.xcconfig"; sourceTree = "<group>"; };
		901A1B6B6DA78F184A7FE67E /* Pods_car_maintenance.framework */ = {isa = PBXFileReference; explicitFileType = wrapper.framework; includeInIndex = 0; path = Pods_car_maintenance.framework; sourceTree = BUILT_PRODUCTS_DIR; };
		BB9F957F290D61EC876579B2 /* Pods-car_maintenanceUITests.debug.xcconfig */ = {isa = PBXFileReference; includeInIndex = 1; lastKnownFileType = text.xcconfig; name = "Pods-car_maintenanceUITests.debug.xcconfig"; path = "Pods/Target Support Files/Pods-car_maintenanceUITests/Pods-car_maintenanceUITests.debug.xcconfig"; sourceTree = "<group>"; };
		C6C79AEFA005E7CBA34B3024 /* Pods-car_maintenanceTests.debug.xcconfig */ = {isa = PBXFileReference; includeInIndex = 1; lastKnownFileType = text.xcconfig; name = "Pods-car_maintenanceTests.debug.xcconfig"; path = "Pods/Target Support Files/Pods-car_maintenanceTests/Pods-car_maintenanceTests.debug.xcconfig"; sourceTree = "<group>"; };
		C908D7671FB62DAC005DBB74 /* CarViewController.swift */ = {isa = PBXFileReference; lastKnownFileType = sourcecode.swift; path = CarViewController.swift; sourceTree = "<group>"; };
		C908D7691FB63183005DBB74 /* UserAlertViewController.swift */ = {isa = PBXFileReference; lastKnownFileType = sourcecode.swift; path = UserAlertViewController.swift; sourceTree = "<group>"; };
		C93FC3841F88095100E19D10 /* car_maintenance.app */ = {isa = PBXFileReference; explicitFileType = wrapper.application; includeInIndex = 0; path = car_maintenance.app; sourceTree = BUILT_PRODUCTS_DIR; };
		C93FC3871F88095100E19D10 /* AppDelegate.swift */ = {isa = PBXFileReference; lastKnownFileType = sourcecode.swift; path = AppDelegate.swift; sourceTree = "<group>"; };
		C93FC3891F88095100E19D10 /* ViewController.swift */ = {isa = PBXFileReference; lastKnownFileType = sourcecode.swift; path = ViewController.swift; sourceTree = "<group>"; };
		C93FC38C1F88095100E19D10 /* Base */ = {isa = PBXFileReference; lastKnownFileType = file.storyboard; name = Base; path = Base.lproj/Main.storyboard; sourceTree = "<group>"; };
		C93FC3911F88095100E19D10 /* Base */ = {isa = PBXFileReference; lastKnownFileType = file.storyboard; name = Base; path = Base.lproj/LaunchScreen.storyboard; sourceTree = "<group>"; };
		C93FC3931F88095100E19D10 /* Info.plist */ = {isa = PBXFileReference; lastKnownFileType = text.plist.xml; path = Info.plist; sourceTree = "<group>"; };
		C93FC3981F88095100E19D10 /* car_maintenanceTests.xctest */ = {isa = PBXFileReference; explicitFileType = wrapper.cfbundle; includeInIndex = 0; path = car_maintenanceTests.xctest; sourceTree = BUILT_PRODUCTS_DIR; };
		C93FC39C1F88095100E19D10 /* car_maintenanceTests.swift */ = {isa = PBXFileReference; lastKnownFileType = sourcecode.swift; path = car_maintenanceTests.swift; sourceTree = "<group>"; };
		C93FC39E1F88095100E19D10 /* Info.plist */ = {isa = PBXFileReference; lastKnownFileType = text.plist.xml; path = Info.plist; sourceTree = "<group>"; };
		C93FC3A31F88095100E19D10 /* car_maintenanceUITests.xctest */ = {isa = PBXFileReference; explicitFileType = wrapper.cfbundle; includeInIndex = 0; path = car_maintenanceUITests.xctest; sourceTree = BUILT_PRODUCTS_DIR; };
		C93FC3A71F88095100E19D10 /* car_maintenanceUITests.swift */ = {isa = PBXFileReference; lastKnownFileType = sourcecode.swift; path = car_maintenanceUITests.swift; sourceTree = "<group>"; };
		C93FC3A91F88095100E19D10 /* Info.plist */ = {isa = PBXFileReference; lastKnownFileType = text.plist.xml; path = Info.plist; sourceTree = "<group>"; };
		C965A7DB1FBFA37A00B07A78 /* LandingViewController.swift */ = {isa = PBXFileReference; lastKnownFileType = sourcecode.swift; path = LandingViewController.swift; sourceTree = "<group>"; };
		C965A7E11FBFADBD00B07A78 /* File.swift */ = {isa = PBXFileReference; lastKnownFileType = sourcecode.swift; path = File.swift; sourceTree = "<group>"; };
		C9B09BE81FE3103D00F0040F /* presstar3.gif */ = {isa = PBXFileReference; lastKnownFileType = image.gif; path = presstar3.gif; sourceTree = "<group>"; };
		C9B09BE91FE310DE00F0040F /* carspin.gif */ = {isa = PBXFileReference; lastKnownFileType = image.gif; path = carspin.gif; sourceTree = "<group>"; };
		C9DF22B51FDA906600F7B225 /* InfoViewController.swift */ = {isa = PBXFileReference; lastKnownFileType = sourcecode.swift; path = InfoViewController.swift; sourceTree = "<group>"; };
		C9E5EF1A1F9A7B540032A32C /* settings.png */ = {isa = PBXFileReference; lastKnownFileType = image.png; name = settings.png; path = Assets.xcassets/AppIcon.appiconset/settings.png; sourceTree = "<group>"; };
		C9E5EF221F9A812D0032A32C /* car.gif */ = {isa = PBXFileReference; lastKnownFileType = image.gif; name = car.gif; path = Assets.xcassets/AppIcon.appiconset/car.gif; sourceTree = "<group>"; };
		C9E5EF261F9A823B0032A32C /* info.png */ = {isa = PBXFileReference; lastKnownFileType = image.png; name = info.png; path = Assets.xcassets/AppIcon.appiconset/info.png; sourceTree = "<group>"; };
		DAEB0A59A840E44DDA0B2D03 /* Pods-car_maintenance.debug.xcconfig */ = {isa = PBXFileReference; includeInIndex = 1; lastKnownFileType = text.xcconfig; name = "Pods-car_maintenance.debug.xcconfig"; path = "Pods/Target Support Files/Pods-car_maintenance/Pods-car_maintenance.debug.xcconfig"; sourceTree = "<group>"; };
		E7BFCB012A3D23209F574554 /* Pods-car_maintenance.release.xcconfig */ = {isa = PBXFileReference; includeInIndex = 1; lastKnownFileType = text.xcconfig; name = "Pods-car_maintenance.release.xcconfig"; path = "Pods/Target Support Files/Pods-car_maintenance/Pods-car_maintenance.release.xcconfig"; sourceTree = "<group>"; };
		F9AC2B0A1F9A4A3C00F4AE46 /* Assets.xcassets */ = {isa = PBXFileReference; lastKnownFileType = folder.assetcatalog; path = Assets.xcassets; sourceTree = "<group>"; };
		F9AC2B101F9A52CD00F4AE46 /* yellow-toy-car.jpg */ = {isa = PBXFileReference; lastKnownFileType = image.jpeg; name = "yellow-toy-car.jpg"; path = "Assets.xcassets/images/yellow-toy-car.jpg"; sourceTree = "<group>"; };
/* End PBXFileReference section */

/* Begin PBXFrameworksBuildPhase section */
		C93FC3811F88095100E19D10 /* Frameworks */ = {
			isa = PBXFrameworksBuildPhase;
			buildActionMask = 2147483647;
			files = (
				E41B13D27D0B38CE9C1989FB /* Pods_car_maintenance.framework in Frameworks */,
			);
			runOnlyForDeploymentPostprocessing = 0;
		};
		C93FC3951F88095100E19D10 /* Frameworks */ = {
			isa = PBXFrameworksBuildPhase;
			buildActionMask = 2147483647;
			files = (
				1394C15B1750FD567FDB03EB /* Pods_car_maintenanceTests.framework in Frameworks */,
			);
			runOnlyForDeploymentPostprocessing = 0;
		};
		C93FC3A01F88095100E19D10 /* Frameworks */ = {
			isa = PBXFrameworksBuildPhase;
			buildActionMask = 2147483647;
			files = (
				13FEE67B4868D0E6356A4B6E /* Pods_car_maintenanceUITests.framework in Frameworks */,
			);
			runOnlyForDeploymentPostprocessing = 0;
		};
/* End PBXFrameworksBuildPhase section */

/* Begin PBXGroup section */
		5526DB5EB5E3D335F1D0569C /* Frameworks */ = {
			isa = PBXGroup;
			children = (
				901A1B6B6DA78F184A7FE67E /* Pods_car_maintenance.framework */,
				4DBEFFB75D0DB0B0FDE4662F /* Pods_car_maintenanceTests.framework */,
				41958C9C7E29B73157E64332 /* Pods_car_maintenanceUITests.framework */,
			);
			name = Frameworks;
			sourceTree = "<group>";
		};
		C93FC37B1F88095100E19D10 = {
			isa = PBXGroup;
			children = (
				C93FC3861F88095100E19D10 /* car_maintenance */,
				C93FC39B1F88095100E19D10 /* car_maintenanceTests */,
				C93FC3A61F88095100E19D10 /* car_maintenanceUITests */,
				C93FC3851F88095100E19D10 /* Products */,
				FE0CA02C1658D00C92D495F5 /* Pods */,
				5526DB5EB5E3D335F1D0569C /* Frameworks */,
			);
			sourceTree = "<group>";
		};
		C93FC3851F88095100E19D10 /* Products */ = {
			isa = PBXGroup;
			children = (
				C93FC3841F88095100E19D10 /* car_maintenance.app */,
				C93FC3981F88095100E19D10 /* car_maintenanceTests.xctest */,
				C93FC3A31F88095100E19D10 /* car_maintenanceUITests.xctest */,
			);
			name = Products;
			sourceTree = "<group>";
		};
		C93FC3861F88095100E19D10 /* car_maintenance */ = {
			isa = PBXGroup;
			children = (
				F9AC2B101F9A52CD00F4AE46 /* yellow-toy-car.jpg */,
				C93FC3871F88095100E19D10 /* AppDelegate.swift */,
				C93FC3891F88095100E19D10 /* ViewController.swift */,
				C908D7671FB62DAC005DBB74 /* CarViewController.swift */,
				C908D7691FB63183005DBB74 /* UserAlertViewController.swift */,
				C93FC38B1F88095100E19D10 /* Main.storyboard */,
				C9DF22B51FDA906600F7B225 /* InfoViewController.swift */,
				C9E5EF1A1F9A7B540032A32C /* settings.png */,
				F9AC2B0A1F9A4A3C00F4AE46 /* Assets.xcassets */,
				C9E5EF261F9A823B0032A32C /* info.png */,
				C9B09BE91FE310DE00F0040F /* carspin.gif */,
				C9E5EF221F9A812D0032A32C /* car.gif */,
				C965A7E11FBFADBD00B07A78 /* File.swift */,
				C93FC3901F88095100E19D10 /* LaunchScreen.storyboard */,
				C93FC3931F88095100E19D10 /* Info.plist */,
				C9B09BE81FE3103D00F0040F /* presstar3.gif */,
				C965A7DB1FBFA37A00B07A78 /* LandingViewController.swift */,
			);
			path = car_maintenance;
			sourceTree = "<group>";
		};
		C93FC39B1F88095100E19D10 /* car_maintenanceTests */ = {
			isa = PBXGroup;
			children = (
				C93FC39C1F88095100E19D10 /* car_maintenanceTests.swift */,
				C93FC39E1F88095100E19D10 /* Info.plist */,
			);
			path = car_maintenanceTests;
			sourceTree = "<group>";
		};
		C93FC3A61F88095100E19D10 /* car_maintenanceUITests */ = {
			isa = PBXGroup;
			children = (
				C93FC3A71F88095100E19D10 /* car_maintenanceUITests.swift */,
				C93FC3A91F88095100E19D10 /* Info.plist */,
			);
			path = car_maintenanceUITests;
			sourceTree = "<group>";
		};
		FE0CA02C1658D00C92D495F5 /* Pods */ = {
			isa = PBXGroup;
			children = (
				DAEB0A59A840E44DDA0B2D03 /* Pods-car_maintenance.debug.xcconfig */,
				E7BFCB012A3D23209F574554 /* Pods-car_maintenance.release.xcconfig */,
				C6C79AEFA005E7CBA34B3024 /* Pods-car_maintenanceTests.debug.xcconfig */,
				60DD02D9B142417A9D9725EA /* Pods-car_maintenanceTests.release.xcconfig */,
				BB9F957F290D61EC876579B2 /* Pods-car_maintenanceUITests.debug.xcconfig */,
				44D03819580B2B2C0BED2AE5 /* Pods-car_maintenanceUITests.release.xcconfig */,
			);
			name = Pods;
			sourceTree = "<group>";
		};
/* End PBXGroup section */

/* Begin PBXNativeTarget section */
		C93FC3831F88095100E19D10 /* car_maintenance */ = {
			isa = PBXNativeTarget;
			buildConfigurationList = C93FC3AC1F88095100E19D10 /* Build configuration list for PBXNativeTarget "car_maintenance" */;
			buildPhases = (
				2F1D17C7A5BEE8B18EFC3077 /* [CP] Check Pods Manifest.lock */,
				C93FC3801F88095100E19D10 /* Sources */,
				C93FC3811F88095100E19D10 /* Frameworks */,
				C93FC3821F88095100E19D10 /* Resources */,
				7C01F8FE845BC1AC17E708C9 /* [CP] Embed Pods Frameworks */,
				9EFE172A7DFEAC73504AA93B /* [CP] Copy Pods Resources */,
			);
			buildRules = (
			);
			dependencies = (
			);
			name = car_maintenance;
			productName = car_maintenance;
			productReference = C93FC3841F88095100E19D10 /* car_maintenance.app */;
			productType = "com.apple.product-type.application";
		};
		C93FC3971F88095100E19D10 /* car_maintenanceTests */ = {
			isa = PBXNativeTarget;
			buildConfigurationList = C93FC3AF1F88095100E19D10 /* Build configuration list for PBXNativeTarget "car_maintenanceTests" */;
			buildPhases = (
				FE11B15A16561B9F8BAD969A /* [CP] Check Pods Manifest.lock */,
				C93FC3941F88095100E19D10 /* Sources */,
				C93FC3951F88095100E19D10 /* Frameworks */,
				C93FC3961F88095100E19D10 /* Resources */,
				260892F314EBE4C0C7EF8101 /* [CP] Embed Pods Frameworks */,
				E429DD6C31B3F6BF3D86645B /* [CP] Copy Pods Resources */,
			);
			buildRules = (
			);
			dependencies = (
				C93FC39A1F88095100E19D10 /* PBXTargetDependency */,
			);
			name = car_maintenanceTests;
			productName = car_maintenanceTests;
			productReference = C93FC3981F88095100E19D10 /* car_maintenanceTests.xctest */;
			productType = "com.apple.product-type.bundle.unit-test";
		};
		C93FC3A21F88095100E19D10 /* car_maintenanceUITests */ = {
			isa = PBXNativeTarget;
			buildConfigurationList = C93FC3B21F88095100E19D10 /* Build configuration list for PBXNativeTarget "car_maintenanceUITests" */;
			buildPhases = (
				D635E7F864A3774520E02185 /* [CP] Check Pods Manifest.lock */,
				C93FC39F1F88095100E19D10 /* Sources */,
				C93FC3A01F88095100E19D10 /* Frameworks */,
				C93FC3A11F88095100E19D10 /* Resources */,
				5874FEE8E71CA6760CA4E945 /* [CP] Embed Pods Frameworks */,
				2B0C77338A2D97CD47FDA3A3 /* [CP] Copy Pods Resources */,
			);
			buildRules = (
			);
			dependencies = (
				C93FC3A51F88095100E19D10 /* PBXTargetDependency */,
			);
			name = car_maintenanceUITests;
			productName = car_maintenanceUITests;
			productReference = C93FC3A31F88095100E19D10 /* car_maintenanceUITests.xctest */;
			productType = "com.apple.product-type.bundle.ui-testing";
		};
/* End PBXNativeTarget section */

/* Begin PBXProject section */
		C93FC37C1F88095100E19D10 /* Project object */ = {
			isa = PBXProject;
			attributes = {
				LastSwiftUpdateCheck = 0830;
				LastUpgradeCheck = 0900;
				ORGANIZATIONNAME = "Paul Kao";
				TargetAttributes = {
					C93FC3831F88095100E19D10 = {
						CreatedOnToolsVersion = 8.3.3;
						DevelopmentTeam = N6RP3H788Z;
						LastSwiftMigration = 0910;
						ProvisioningStyle = Automatic;
					};
					C93FC3971F88095100E19D10 = {
						CreatedOnToolsVersion = 8.3.3;
						LastSwiftMigration = 0910;
						ProvisioningStyle = Automatic;
						TestTargetID = C93FC3831F88095100E19D10;
					};
					C93FC3A21F88095100E19D10 = {
						CreatedOnToolsVersion = 8.3.3;
						LastSwiftMigration = 0910;
						ProvisioningStyle = Automatic;
						TestTargetID = C93FC3831F88095100E19D10;
					};
				};
			};
			buildConfigurationList = C93FC37F1F88095100E19D10 /* Build configuration list for PBXProject "car_maintenance" */;
			compatibilityVersion = "Xcode 3.2";
			developmentRegion = English;
			hasScannedForEncodings = 0;
			knownRegions = (
				en,
				Base,
			);
			mainGroup = C93FC37B1F88095100E19D10;
			productRefGroup = C93FC3851F88095100E19D10 /* Products */;
			projectDirPath = "";
			projectRoot = "";
			targets = (
				C93FC3831F88095100E19D10 /* car_maintenance */,
				C93FC3971F88095100E19D10 /* car_maintenanceTests */,
				C93FC3A21F88095100E19D10 /* car_maintenanceUITests */,
			);
		};
/* End PBXProject section */

/* Begin PBXResourcesBuildPhase section */
		C93FC3821F88095100E19D10 /* Resources */ = {
			isa = PBXResourcesBuildPhase;
			buildActionMask = 2147483647;
			files = (
				C93FC3921F88095100E19D10 /* LaunchScreen.storyboard in Resources */,
				C9E5EF271F9A823B0032A32C /* info.png in Resources */,
				C9E5EF1B1F9A7B540032A32C /* settings.png in Resources */,
				F9AC2B0B1F9A4A3C00F4AE46 /* Assets.xcassets in Resources */,
				C9B09BEB1FE311E100F0040F /* presstar3.gif in Resources */,
				C9E5EF231F9A812D0032A32C /* car.gif in Resources */,
				C93FC38D1F88095100E19D10 /* Main.storyboard in Resources */,
				F9AC2B111F9A52CD00F4AE46 /* yellow-toy-car.jpg in Resources */,
				C9B09BEA1FE311DD00F0040F /* carspin.gif in Resources */,
			);
			runOnlyForDeploymentPostprocessing = 0;
		};
		C93FC3961F88095100E19D10 /* Resources */ = {
			isa = PBXResourcesBuildPhase;
			buildActionMask = 2147483647;
			files = (
			);
			runOnlyForDeploymentPostprocessing = 0;
		};
		C93FC3A11F88095100E19D10 /* Resources */ = {
			isa = PBXResourcesBuildPhase;
			buildActionMask = 2147483647;
			files = (
			);
			runOnlyForDeploymentPostprocessing = 0;
		};
/* End PBXResourcesBuildPhase section */

/* Begin PBXShellScriptBuildPhase section */
		260892F314EBE4C0C7EF8101 /* [CP] Embed Pods Frameworks */ = {
			isa = PBXShellScriptBuildPhase;
			buildActionMask = 2147483647;
			files = (
			);
			inputPaths = (
			);
			name = "[CP] Embed Pods Frameworks";
			outputPaths = (
			);
			runOnlyForDeploymentPostprocessing = 0;
			shellPath = /bin/sh;
			shellScript = "\"${SRCROOT}/Pods/Target Support Files/Pods-car_maintenanceTests/Pods-car_maintenanceTests-frameworks.sh\"\n";
			showEnvVarsInLog = 0;
		};
		2B0C77338A2D97CD47FDA3A3 /* [CP] Copy Pods Resources */ = {
			isa = PBXShellScriptBuildPhase;
			buildActionMask = 2147483647;
			files = (
			);
			inputPaths = (
			);
			name = "[CP] Copy Pods Resources";
			outputPaths = (
			);
			runOnlyForDeploymentPostprocessing = 0;
			shellPath = /bin/sh;
			shellScript = "\"${SRCROOT}/Pods/Target Support Files/Pods-car_maintenanceUITests/Pods-car_maintenanceUITests-resources.sh\"\n";
			showEnvVarsInLog = 0;
		};
		2F1D17C7A5BEE8B18EFC3077 /* [CP] Check Pods Manifest.lock */ = {
			isa = PBXShellScriptBuildPhase;
			buildActionMask = 2147483647;
			files = (
			);
			inputPaths = (
				"${PODS_PODFILE_DIR_PATH}/Podfile.lock",
				"${PODS_ROOT}/Manifest.lock",
			);
			name = "[CP] Check Pods Manifest.lock";
			outputPaths = (
				"$(DERIVED_FILE_DIR)/Pods-car_maintenance-checkManifestLockResult.txt",
			);
			runOnlyForDeploymentPostprocessing = 0;
			shellPath = /bin/sh;
			shellScript = "diff \"${PODS_PODFILE_DIR_PATH}/Podfile.lock\" \"${PODS_ROOT}/Manifest.lock\" > /dev/null\nif [ $? != 0 ] ; then\n    # print error to STDERR\n    echo \"error: The sandbox is not in sync with the Podfile.lock. Run 'pod install' or update your CocoaPods installation.\" >&2\n    exit 1\nfi\n# This output is used by Xcode 'outputs' to avoid re-running this script phase.\necho \"SUCCESS\" > \"${SCRIPT_OUTPUT_FILE_0}\"\n";
			showEnvVarsInLog = 0;
		};
		5874FEE8E71CA6760CA4E945 /* [CP] Embed Pods Frameworks */ = {
			isa = PBXShellScriptBuildPhase;
			buildActionMask = 2147483647;
			files = (
			);
			inputPaths = (
			);
			name = "[CP] Embed Pods Frameworks";
			outputPaths = (
			);
			runOnlyForDeploymentPostprocessing = 0;
			shellPath = /bin/sh;
			shellScript = "\"${SRCROOT}/Pods/Target Support Files/Pods-car_maintenanceUITests/Pods-car_maintenanceUITests-frameworks.sh\"\n";
			showEnvVarsInLog = 0;
		};
		7C01F8FE845BC1AC17E708C9 /* [CP] Embed Pods Frameworks */ = {
			isa = PBXShellScriptBuildPhase;
			buildActionMask = 2147483647;
			files = (
			);
			inputPaths = (
				"${SRCROOT}/Pods/Target Support Files/Pods-car_maintenance/Pods-car_maintenance-frameworks.sh",
				"${BUILT_PRODUCTS_DIR}/Eureka/Eureka.framework",
			);
			name = "[CP] Embed Pods Frameworks";
			outputPaths = (
				"${TARGET_BUILD_DIR}/${FRAMEWORKS_FOLDER_PATH}/Eureka.framework",
			);
			runOnlyForDeploymentPostprocessing = 0;
			shellPath = /bin/sh;
			shellScript = "\"${SRCROOT}/Pods/Target Support Files/Pods-car_maintenance/Pods-car_maintenance-frameworks.sh\"\n";
			showEnvVarsInLog = 0;
		};
		9EFE172A7DFEAC73504AA93B /* [CP] Copy Pods Resources */ = {
			isa = PBXShellScriptBuildPhase;
			buildActionMask = 2147483647;
			files = (
			);
			inputPaths = (
			);
			name = "[CP] Copy Pods Resources";
			outputPaths = (
			);
			runOnlyForDeploymentPostprocessing = 0;
			shellPath = /bin/sh;
			shellScript = "\"${SRCROOT}/Pods/Target Support Files/Pods-car_maintenance/Pods-car_maintenance-resources.sh\"\n";
			showEnvVarsInLog = 0;
		};
		D635E7F864A3774520E02185 /* [CP] Check Pods Manifest.lock */ = {
			isa = PBXShellScriptBuildPhase;
			buildActionMask = 2147483647;
			files = (
			);
			inputPaths = (
				"${PODS_PODFILE_DIR_PATH}/Podfile.lock",
				"${PODS_ROOT}/Manifest.lock",
			);
			name = "[CP] Check Pods Manifest.lock";
			outputPaths = (
				"$(DERIVED_FILE_DIR)/Pods-car_maintenanceUITests-checkManifestLockResult.txt",
			);
			runOnlyForDeploymentPostprocessing = 0;
			shellPath = /bin/sh;
			shellScript = "diff \"${PODS_PODFILE_DIR_PATH}/Podfile.lock\" \"${PODS_ROOT}/Manifest.lock\" > /dev/null\nif [ $? != 0 ] ; then\n    # print error to STDERR\n    echo \"error: The sandbox is not in sync with the Podfile.lock. Run 'pod install' or update your CocoaPods installation.\" >&2\n    exit 1\nfi\n# This output is used by Xcode 'outputs' to avoid re-running this script phase.\necho \"SUCCESS\" > \"${SCRIPT_OUTPUT_FILE_0}\"\n";
			showEnvVarsInLog = 0;
		};
		E429DD6C31B3F6BF3D86645B /* [CP] Copy Pods Resources */ = {
			isa = PBXShellScriptBuildPhase;
			buildActionMask = 2147483647;
			files = (
			);
			inputPaths = (
			);
			name = "[CP] Copy Pods Resources";
			outputPaths = (
			);
			runOnlyForDeploymentPostprocessing = 0;
			shellPath = /bin/sh;
			shellScript = "\"${SRCROOT}/Pods/Target Support Files/Pods-car_maintenanceTests/Pods-car_maintenanceTests-resources.sh\"\n";
			showEnvVarsInLog = 0;
		};
		FE11B15A16561B9F8BAD969A /* [CP] Check Pods Manifest.lock */ = {
			isa = PBXShellScriptBuildPhase;
			buildActionMask = 2147483647;
			files = (
			);
			inputPaths = (
				"${PODS_PODFILE_DIR_PATH}/Podfile.lock",
				"${PODS_ROOT}/Manifest.lock",
			);
			name = "[CP] Check Pods Manifest.lock";
			outputPaths = (
				"$(DERIVED_FILE_DIR)/Pods-car_maintenanceTests-checkManifestLockResult.txt",
			);
			runOnlyForDeploymentPostprocessing = 0;
			shellPath = /bin/sh;
			shellScript = "diff \"${PODS_PODFILE_DIR_PATH}/Podfile.lock\" \"${PODS_ROOT}/Manifest.lock\" > /dev/null\nif [ $? != 0 ] ; then\n    # print error to STDERR\n    echo \"error: The sandbox is not in sync with the Podfile.lock. Run 'pod install' or update your CocoaPods installation.\" >&2\n    exit 1\nfi\n# This output is used by Xcode 'outputs' to avoid re-running this script phase.\necho \"SUCCESS\" > \"${SCRIPT_OUTPUT_FILE_0}\"\n";
			showEnvVarsInLog = 0;
		};
/* End PBXShellScriptBuildPhase section */

/* Begin PBXSourcesBuildPhase section */
		C93FC3801F88095100E19D10 /* Sources */ = {
			isa = PBXSourcesBuildPhase;
			buildActionMask = 2147483647;
			files = (
				C93FC38A1F88095100E19D10 /* ViewController.swift in Sources */,
				C965A7E21FBFADBD00B07A78 /* File.swift in Sources */,
				C908D7681FB62DAC005DBB74 /* CarViewController.swift in Sources */,
				C9DF22B61FDA906600F7B225 /* InfoViewController.swift in Sources */,
				C908D76A1FB63183005DBB74 /* UserAlertViewController.swift in Sources */,
				C965A7DC1FBFA37A00B07A78 /* LandingViewController.swift in Sources */,
				C93FC3881F88095100E19D10 /* AppDelegate.swift in Sources */,
			);
			runOnlyForDeploymentPostprocessing = 0;
		};
		C93FC3941F88095100E19D10 /* Sources */ = {
			isa = PBXSourcesBuildPhase;
			buildActionMask = 2147483647;
			files = (
				C93FC39D1F88095100E19D10 /* car_maintenanceTests.swift in Sources */,
			);
			runOnlyForDeploymentPostprocessing = 0;
		};
		C93FC39F1F88095100E19D10 /* Sources */ = {
			isa = PBXSourcesBuildPhase;
			buildActionMask = 2147483647;
			files = (
				C93FC3A81F88095100E19D10 /* car_maintenanceUITests.swift in Sources */,
			);
			runOnlyForDeploymentPostprocessing = 0;
		};
/* End PBXSourcesBuildPhase section */

/* Begin PBXTargetDependency section */
		C93FC39A1F88095100E19D10 /* PBXTargetDependency */ = {
			isa = PBXTargetDependency;
			target = C93FC3831F88095100E19D10 /* car_maintenance */;
			targetProxy = C93FC3991F88095100E19D10 /* PBXContainerItemProxy */;
		};
		C93FC3A51F88095100E19D10 /* PBXTargetDependency */ = {
			isa = PBXTargetDependency;
			target = C93FC3831F88095100E19D10 /* car_maintenance */;
			targetProxy = C93FC3A41F88095100E19D10 /* PBXContainerItemProxy */;
		};
/* End PBXTargetDependency section */

/* Begin PBXVariantGroup section */
		C93FC38B1F88095100E19D10 /* Main.storyboard */ = {
			isa = PBXVariantGroup;
			children = (
				C93FC38C1F88095100E19D10 /* Base */,
			);
			name = Main.storyboard;
			sourceTree = "<group>";
		};
		C93FC3901F88095100E19D10 /* LaunchScreen.storyboard */ = {
			isa = PBXVariantGroup;
			children = (
				C93FC3911F88095100E19D10 /* Base */,
			);
			name = LaunchScreen.storyboard;
			sourceTree = "<group>";
		};
/* End PBXVariantGroup section */

/* Begin XCBuildConfiguration section */
		C93FC3AA1F88095100E19D10 /* Debug */ = {
			isa = XCBuildConfiguration;
			buildSettings = {
				ALWAYS_SEARCH_USER_PATHS = NO;
				CLANG_ANALYZER_NONNULL = YES;
				CLANG_ANALYZER_NUMBER_OBJECT_CONVERSION = YES_AGGRESSIVE;
				CLANG_CXX_LANGUAGE_STANDARD = "gnu++0x";
				CLANG_CXX_LIBRARY = "libc++";
				CLANG_ENABLE_MODULES = YES;
				CLANG_ENABLE_OBJC_ARC = YES;
				CLANG_WARN_BLOCK_CAPTURE_AUTORELEASING = YES;
				CLANG_WARN_BOOL_CONVERSION = YES;
				CLANG_WARN_COMMA = YES;
				CLANG_WARN_CONSTANT_CONVERSION = YES;
				CLANG_WARN_DIRECT_OBJC_ISA_USAGE = YES_ERROR;
				CLANG_WARN_DOCUMENTATION_COMMENTS = YES;
				CLANG_WARN_EMPTY_BODY = YES;
				CLANG_WARN_ENUM_CONVERSION = YES;
				CLANG_WARN_INFINITE_RECURSION = YES;
				CLANG_WARN_INT_CONVERSION = YES;
				CLANG_WARN_NON_LITERAL_NULL_CONVERSION = YES;
				CLANG_WARN_OBJC_LITERAL_CONVERSION = YES;
				CLANG_WARN_OBJC_ROOT_CLASS = YES_ERROR;
				CLANG_WARN_RANGE_LOOP_ANALYSIS = YES;
				CLANG_WARN_STRICT_PROTOTYPES = YES;
				CLANG_WARN_SUSPICIOUS_MOVE = YES;
				CLANG_WARN_UNREACHABLE_CODE = YES;
				CLANG_WARN__DUPLICATE_METHOD_MATCH = YES;
				"CODE_SIGN_IDENTITY[sdk=iphoneos*]" = "iPhone Developer";
				COPY_PHASE_STRIP = NO;
				DEBUG_INFORMATION_FORMAT = dwarf;
				ENABLE_STRICT_OBJC_MSGSEND = YES;
				ENABLE_TESTABILITY = YES;
				GCC_C_LANGUAGE_STANDARD = gnu99;
				GCC_DYNAMIC_NO_PIC = NO;
				GCC_NO_COMMON_BLOCKS = YES;
				GCC_OPTIMIZATION_LEVEL = 0;
				GCC_PREPROCESSOR_DEFINITIONS = (
					"DEBUG=1",
					"$(inherited)",
				);
				GCC_WARN_64_TO_32_BIT_CONVERSION = YES;
				GCC_WARN_ABOUT_RETURN_TYPE = YES_ERROR;
				GCC_WARN_UNDECLARED_SELECTOR = YES;
				GCC_WARN_UNINITIALIZED_AUTOS = YES_AGGRESSIVE;
				GCC_WARN_UNUSED_FUNCTION = YES;
				GCC_WARN_UNUSED_VARIABLE = YES;
				IPHONEOS_DEPLOYMENT_TARGET = 10.3;
				MTL_ENABLE_DEBUG_INFO = YES;
				ONLY_ACTIVE_ARCH = YES;
				SDKROOT = iphoneos;
				SWIFT_ACTIVE_COMPILATION_CONDITIONS = DEBUG;
				SWIFT_OPTIMIZATION_LEVEL = "-Onone";
				TARGETED_DEVICE_FAMILY = "1,2";
			};
			name = Debug;
		};
		C93FC3AB1F88095100E19D10 /* Release */ = {
			isa = XCBuildConfiguration;
			buildSettings = {
				ALWAYS_SEARCH_USER_PATHS = NO;
				CLANG_ANALYZER_NONNULL = YES;
				CLANG_ANALYZER_NUMBER_OBJECT_CONVERSION = YES_AGGRESSIVE;
				CLANG_CXX_LANGUAGE_STANDARD = "gnu++0x";
				CLANG_CXX_LIBRARY = "libc++";
				CLANG_ENABLE_MODULES = YES;
				CLANG_ENABLE_OBJC_ARC = YES;
				CLANG_WARN_BLOCK_CAPTURE_AUTORELEASING = YES;
				CLANG_WARN_BOOL_CONVERSION = YES;
				CLANG_WARN_COMMA = YES;
				CLANG_WARN_CONSTANT_CONVERSION = YES;
				CLANG_WARN_DIRECT_OBJC_ISA_USAGE = YES_ERROR;
				CLANG_WARN_DOCUMENTATION_COMMENTS = YES;
				CLANG_WARN_EMPTY_BODY = YES;
				CLANG_WARN_ENUM_CONVERSION = YES;
				CLANG_WARN_INFINITE_RECURSION = YES;
				CLANG_WARN_INT_CONVERSION = YES;
				CLANG_WARN_NON_LITERAL_NULL_CONVERSION = YES;
				CLANG_WARN_OBJC_LITERAL_CONVERSION = YES;
				CLANG_WARN_OBJC_ROOT_CLASS = YES_ERROR;
				CLANG_WARN_RANGE_LOOP_ANALYSIS = YES;
				CLANG_WARN_STRICT_PROTOTYPES = YES;
				CLANG_WARN_SUSPICIOUS_MOVE = YES;
				CLANG_WARN_UNREACHABLE_CODE = YES;
				CLANG_WARN__DUPLICATE_METHOD_MATCH = YES;
				"CODE_SIGN_IDENTITY[sdk=iphoneos*]" = "iPhone Developer";
				COPY_PHASE_STRIP = NO;
				DEBUG_INFORMATION_FORMAT = "dwarf-with-dsym";
				ENABLE_NS_ASSERTIONS = NO;
				ENABLE_STRICT_OBJC_MSGSEND = YES;
				GCC_C_LANGUAGE_STANDARD = gnu99;
				GCC_NO_COMMON_BLOCKS = YES;
				GCC_WARN_64_TO_32_BIT_CONVERSION = YES;
				GCC_WARN_ABOUT_RETURN_TYPE = YES_ERROR;
				GCC_WARN_UNDECLARED_SELECTOR = YES;
				GCC_WARN_UNINITIALIZED_AUTOS = YES_AGGRESSIVE;
				GCC_WARN_UNUSED_FUNCTION = YES;
				GCC_WARN_UNUSED_VARIABLE = YES;
				IPHONEOS_DEPLOYMENT_TARGET = 10.3;
				MTL_ENABLE_DEBUG_INFO = NO;
				SDKROOT = iphoneos;
				SWIFT_OPTIMIZATION_LEVEL = "-Owholemodule";
				TARGETED_DEVICE_FAMILY = "1,2";
				VALIDATE_PRODUCT = YES;
			};
			name = Release;
		};
		C93FC3AD1F88095100E19D10 /* Debug */ = {
			isa = XCBuildConfiguration;
			baseConfigurationReference = DAEB0A59A840E44DDA0B2D03 /* Pods-car_maintenance.debug.xcconfig */;
			buildSettings = {
				ASSETCATALOG_COMPILER_APPICON_NAME = AppIcon;
				DEVELOPMENT_TEAM = N6RP3H788Z;
				INFOPLIST_FILE = car_maintenance/Info.plist;
				LD_RUNPATH_SEARCH_PATHS = "$(inherited) @executable_path/Frameworks";
				PRODUCT_BUNDLE_IDENTIFIER = ca.bcit.comp4977.carwork;
				PRODUCT_NAME = "$(TARGET_NAME)";
				SWIFT_SWIFT3_OBJC_INFERENCE = On;
				SWIFT_VERSION = 4.0;
			};
			name = Debug;
		};
		C93FC3AE1F88095100E19D10 /* Release */ = {
			isa = XCBuildConfiguration;
			baseConfigurationReference = E7BFCB012A3D23209F574554 /* Pods-car_maintenance.release.xcconfig */;
			buildSettings = {
				ASSETCATALOG_COMPILER_APPICON_NAME = AppIcon;
				DEVELOPMENT_TEAM = N6RP3H788Z;
				INFOPLIST_FILE = car_maintenance/Info.plist;
				LD_RUNPATH_SEARCH_PATHS = "$(inherited) @executable_path/Frameworks";
				PRODUCT_BUNDLE_IDENTIFIER = ca.bcit.comp4977.carwork;
				PRODUCT_NAME = "$(TARGET_NAME)";
				SWIFT_SWIFT3_OBJC_INFERENCE = On;
				SWIFT_VERSION = 4.0;
			};
			name = Release;
		};
		C93FC3B01F88095100E19D10 /* Debug */ = {
			isa = XCBuildConfiguration;
			baseConfigurationReference = C6C79AEFA005E7CBA34B3024 /* Pods-car_maintenanceTests.debug.xcconfig */;
			buildSettings = {
				ALWAYS_EMBED_SWIFT_STANDARD_LIBRARIES = YES;
				BUNDLE_LOADER = "$(TEST_HOST)";
				INFOPLIST_FILE = car_maintenanceTests/Info.plist;
				LD_RUNPATH_SEARCH_PATHS = "$(inherited) @executable_path/Frameworks @loader_path/Frameworks";
				PRODUCT_BUNDLE_IDENTIFIER = "ca.bcit.car-maintenanceTests";
				PRODUCT_NAME = "$(TARGET_NAME)";
				SWIFT_SWIFT3_OBJC_INFERENCE = On;
				SWIFT_VERSION = 4.0;
				TEST_HOST = "$(BUILT_PRODUCTS_DIR)/car_maintenance.app/car_maintenance";
			};
			name = Debug;
		};
		C93FC3B11F88095100E19D10 /* Release */ = {
			isa = XCBuildConfiguration;
			baseConfigurationReference = 60DD02D9B142417A9D9725EA /* Pods-car_maintenanceTests.release.xcconfig */;
			buildSettings = {
				ALWAYS_EMBED_SWIFT_STANDARD_LIBRARIES = YES;
				BUNDLE_LOADER = "$(TEST_HOST)";
				INFOPLIST_FILE = car_maintenanceTests/Info.plist;
				LD_RUNPATH_SEARCH_PATHS = "$(inherited) @executable_path/Frameworks @loader_path/Frameworks";
				PRODUCT_BUNDLE_IDENTIFIER = "ca.bcit.car-maintenanceTests";
				PRODUCT_NAME = "$(TARGET_NAME)";
				SWIFT_SWIFT3_OBJC_INFERENCE = On;
				SWIFT_VERSION = 4.0;
				TEST_HOST = "$(BUILT_PRODUCTS_DIR)/car_maintenance.app/car_maintenance";
			};
			name = Release;
		};
		C93FC3B31F88095100E19D10 /* Debug */ = {
			isa = XCBuildConfiguration;
			baseConfigurationReference = BB9F957F290D61EC876579B2 /* Pods-car_maintenanceUITests.debug.xcconfig */;
			buildSettings = {
				ALWAYS_EMBED_SWIFT_STANDARD_LIBRARIES = YES;
				INFOPLIST_FILE = car_maintenanceUITests/Info.plist;
				LD_RUNPATH_SEARCH_PATHS = "$(inherited) @executable_path/Frameworks @loader_path/Frameworks";
				PRODUCT_BUNDLE_IDENTIFIER = "ca.bcit.car-maintenanceUITests";
				PRODUCT_NAME = "$(TARGET_NAME)";
				SWIFT_SWIFT3_OBJC_INFERENCE = On;
				SWIFT_VERSION = 4.0;
				TEST_TARGET_NAME = car_maintenance;
			};
			name = Debug;
		};
		C93FC3B41F88095100E19D10 /* Release */ = {
			isa = XCBuildConfiguration;
			baseConfigurationReference = 44D03819580B2B2C0BED2AE5 /* Pods-car_maintenanceUITests.release.xcconfig */;
			buildSettings = {
				ALWAYS_EMBED_SWIFT_STANDARD_LIBRARIES = YES;
				INFOPLIST_FILE = car_maintenanceUITests/Info.plist;
				LD_RUNPATH_SEARCH_PATHS = "$(inherited) @executable_path/Frameworks @loader_path/Frameworks";
				PRODUCT_BUNDLE_IDENTIFIER = "ca.bcit.car-maintenanceUITests";
				PRODUCT_NAME = "$(TARGET_NAME)";
				SWIFT_SWIFT3_OBJC_INFERENCE = On;
				SWIFT_VERSION = 4.0;
				TEST_TARGET_NAME = car_maintenance;
			};
			name = Release;
		};
/* End XCBuildConfiguration section */

/* Begin XCConfigurationList section */
		C93FC37F1F88095100E19D10 /* Build configuration list for PBXProject "car_maintenance" */ = {
			isa = XCConfigurationList;
			buildConfigurations = (
				C93FC3AA1F88095100E19D10 /* Debug */,
				C93FC3AB1F88095100E19D10 /* Release */,
			);
			defaultConfigurationIsVisible = 0;
			defaultConfigurationName = Release;
		};
		C93FC3AC1F88095100E19D10 /* Build configuration list for PBXNativeTarget "car_maintenance" */ = {
			isa = XCConfigurationList;
			buildConfigurations = (
				C93FC3AD1F88095100E19D10 /* Debug */,
				C93FC3AE1F88095100E19D10 /* Release */,
			);
			defaultConfigurationIsVisible = 0;
			defaultConfigurationName = Release;
		};
		C93FC3AF1F88095100E19D10 /* Build configuration list for PBXNativeTarget "car_maintenanceTests" */ = {
			isa = XCConfigurationList;
			buildConfigurations = (
				C93FC3B01F88095100E19D10 /* Debug */,
				C93FC3B11F88095100E19D10 /* Release */,
			);
			defaultConfigurationIsVisible = 0;
			defaultConfigurationName = Release;
		};
		C93FC3B21F88095100E19D10 /* Build configuration list for PBXNativeTarget "car_maintenanceUITests" */ = {
			isa = XCConfigurationList;
			buildConfigurations = (
				C93FC3B31F88095100E19D10 /* Debug */,
				C93FC3B41F88095100E19D10 /* Release */,
			);
			defaultConfigurationIsVisible = 0;
			defaultConfigurationName = Release;
		};
/* End XCConfigurationList section */
	};
	rootObject = C93FC37C1F88095100E19D10 /* Project object */;
}
